
Microsoft Visual Studio Solution File, Format Version 12.00
# Visual Studio Version 17
VisualStudioVersion = 17.14.36915.13
MinimumVisualStudioVersion = 10.0.40219.1
Project("{8BC9CEB8-8B4A-11D0-8D11-00A0C91BC942}") = "bass_dts", "bass_dts\bass_dts.vcxproj", "{72A27AD0-B3E1-4FD5-856D-4744B09B66D8}"
	ProjectSection(ProjectDependencies) = postProject
		{5B5AAF6D-79E0-42AE-8B57-2BEFA8C571F0} = {5B5AAF6D-79E0-42AE-8B57-2BEFA8C571F0}
	EndProjectSection
EndProject
Project("{8BC9CEB8-8B4A-11D0-8D11-00A0C91BC942}") = "libdcadec", "libdcadec\libdcadec.vcxproj", "{5B5AAF6D-79E0-42AE-8B57-2BEFA8C571F0}"
EndProject
Project("{FAE04EC0-301F-11D3-BF4B-00C04F79EFBC}") = "ManagedBass.Dts", "ManagedBass.Dts\ManagedBass.Dts.csproj", "{5E1D3E89-0B51-908E-9407-3D82B6147D97}"
	ProjectSection(ProjectDependencies) = postProject
		{72A27AD0-B3E1-4FD5-856D-4744B09B66D8} = {72A27AD0-B3E1-4FD5-856D-4744B09B66D8}
	EndProjectSection
EndProject
Project("{FAE04EC0-301F-11D3-BF4B-00C04F79EFBC}") = "ManagedBass.Dts.Test", "ManagedBass.Dts.Test\ManagedBass.Dts.Test.csproj", "{44808CA4-9752-5B9B-C26C-6B0FC9FEB5F0}"
EndProject
Project("{2150E333-8FDC-42A3-9474-1A3956D46DE8}") = "Solution Items", "Solution Items", "{8EC462FD-D22E-90A8-E5CE-7E832BA40C5D}"
	ProjectSection(SolutionItems) = preProject
		Common.props = Common.props
	EndProjectSection
EndProject
Global
	GlobalSection(SolutionConfigurationPlatforms) = preSolution
		Debug|x64 = Debug|x64
		Debug|x86 = Debug|x86
		Release|x64 = Release|x64
		Release|x86 = Release|x86
	EndGlobalSection
	GlobalSection(ProjectConfigurationPlatforms) = postSolution
		{72A27AD0-B3E1-4FD5-856D-4744B09B66D8}.Debug|x64.ActiveCfg = Debug|x64
		{72A27AD0-B3E1-4FD5-856D-4744B09B66D8}.Debug|x64.Build.0 = Debug|x64
		{72A27AD0-B3E1-4FD5-856D-4744B09B66D8}.Debug|x86.ActiveCfg = Debug|Win32
		{72A27AD0-B3E1-4FD5-856D-4744B09B66D8}.Debug|x86.Build.0 = Debug|Win32
		{72A27AD0-B3E1-4FD5-856D-4744B09B66D8}.Release|x64.ActiveCfg = Release|x64
		{72A27AD0-B3E1-4FD5-856D-4744B09B66D8}.Release|x64.Build.0 = Release|x64
		{72A27AD0-B3E1-4FD5-856D-4744B09B66D8}.Release|x86.ActiveCfg = Release|Win32
		{72A27AD0-B3E1-4FD5-856D-4744B09B66D8}.Release|x86.Build.0 = Release|Win32
		{5B5AAF6D-79E0-42AE-8B57-2BEFA8C571F0}.Debug|x64.ActiveCfg = Debug|x64
		{5B5AAF6D-79E0-42AE-8B57-2BEFA8C571F0}.Debug|x64.Build.0 = Debug|x64
		{5B5AAF6D-79E0-42AE-8B57-2BEFA8C571F0}.Debug|x86.ActiveCfg = Debug|Win32
		{5B5AAF6D-79E0-42AE-8B57-2BEFA8C571F0}.Debug|x86.Build.0 = Debug|Win32
		{5B5AAF6D-79E0-42AE-8B57-2BEFA8C571F0}.Release|x64.ActiveCfg = Release|x64
		{5B5AAF6D-79E0-42AE-8B57-2BEFA8C571F0}.Release|x64.Build.0 = Release|x64
		{5B5AAF6D-79E0-42AE-8B57-2BEFA8C571F0}.Release|x86.ActiveCfg = Release|Win32
		{5B5AAF6D-79E0-42AE-8B57-2BEFA8C571F0}.Release|x86.Build.0 = Release|Win32
		{5E1D3E89-0B51-908E-9407-3D82B6147D97}.Debug|x64.ActiveCfg = Debug|Any CPU
		{5E1D3E89-0B51-908E-9407-3D82B6147D97}.Debug|x64.Build.0 = Debug|Any CPU
		{5E1D3E89-0B51-908E-9407-3D82B6147D97}.Debug|x86.ActiveCfg = Debug|Any CPU
		{5E1D3E89-0B51-908E-9407-3D82B6147D97}.Debug|x86.Build.0 = Debug|Any CPU
		{5E1D3E89-0B51-908E-9407-3D82B6147D97}.Release|x64.ActiveCfg = Release|Any CPU
		{5E1D3E89-0B51-908E-9407-3D82B6147D97}.Release|x64.Build.0 = Release|Any CPU
		{5E1D3E89-0B51-908E-9407-3D82B6147D97}.Release|x86.ActiveCfg = Release|Any CPU
		{5E1D3E89-0B51-908E-9407-3D82B6147D97}.Release|x86.Build.0 = Release|Any CPU
		{44808CA4-9752-5B9B-C26C-6B0FC9FEB5F0}.Debug|x64.ActiveCfg = Debug|Any CPU
		{44808CA4-9752-5B9B-C26C-6B0FC9FEB5F0}.Debug|x64.Build.0 = Debug|Any CPU
		{44808CA4-9752-5B9B-C26C-6B0FC9FEB5F0}.Debug|x86.ActiveCfg = Debug|Any CPU
		{44808CA4-9752-5B9B-C26C-6B0FC9FEB5F0}.Debug|x86.Build.0 = Debug|Any CPU
		{44808CA4-9752-5B9B-C26C-6B0FC9FEB5F0}.Release|x64.ActiveCfg = Release|Any CPU
		{44808CA4-9752-5B9B-C26C-6B0FC9FEB5F0}.Release|x64.Build.0 = Release|Any CPU
		{44808CA4-9752-5B9B-C26C-6B0FC9FEB5F0}.Release|x86.ActiveCfg = Release|Any CPU
		{44808CA4-9752-5B9B-C26C-6B0FC9FEB5F0}.Release|x86.Build.0 = Release|Any CPU
	EndGlobalSection
	GlobalSection(SolutionProperties) = preSolution
		HideSolutionNode = FALSE
	EndGlobalSection
	GlobalSection(ExtensibilityGlobals) = postSolution
		SolutionGuid = {FB868154-4730-4384-93B0-7A4848C8544C}
	EndGlobalSection
EndGlobal
